Microsoft Visual Studio Solution File, Format Version 12.00
# Visual Studio Version 17
VisualStudioVersion = 17.0.32126.317
MinimumVisualStudioVersion = 10.0.40219.1
Project("{9A19103F-16F7-4668-BE54-9A1E7A4F7556}") = "Athena", "Athena\Athena.csproj", "{FF4A12D6-63D2-4F73-A304-083C665FABBA}"
EndProject
Global
	GlobalSection(SolutionConfigurationPlatforms) = preSolution
		Debug|Any CPU = Debug|Any CPU
		Debug|x64 = Debug|x64
		Debug|x86 = Debug|x86
		Release|Any CPU = Release|Any CPU
		Release|x64 = Release|x64
		Release|x86 = Release|x86
	EndGlobalSection
	GlobalSection(ProjectConfigurationPlatforms) = postSolution
		{FF4A12D6-63D2-4F73-A304-083C665FABBA}.Debug|Any CPU.ActiveCfg = Debug|Any CPU
		{FF4A12D6-63D2-4F73-A304-083C665FABBA}.Debug|Any CPU.Build.0 = Debug|Any CPU
		{FF4A12D6-63D2-4F73-A304-083C665FABBA}.Debug|x64.ActiveCfg = Debug|Any CPU
		{FF4A12D6-63D2-4F73-A304-083C665FABBA}.Debug|x64.Build.0 = Debug|Any CPU
		{FF4A12D6-63D2-4F73-A304-083C665FABBA}.Debug|x86.ActiveCfg = Debug|Any CPU
		{FF4A12D6-63D2-4F73-A304-083C665FABBA}.Debug|x86.Build.0 = Debug|Any CPU
		{FF4A12D6-63D2-4F73-A304-083C665FABBA}.Release|Any CPU.ActiveCfg = Release|Any CPU
		{FF4A12D6-63D2-4F73-A304-083C665FABBA}.Release|Any CPU.Build.0 = Release|Any CPU
		{FF4A12D6-63D2-4F73-A304-083C665FABBA}.Release|x64.ActiveCfg = Release|Any CPU
		{FF4A12D6-63D2-4F73-A304-083C665FABBA}.Release|x64.Build.0 = Release|Any CPU
		{FF4A12D6-63D2-4F73-A304-083C665FABBA}.Release|x86.ActiveCfg = Release|Any CPU
		{FF4A12D6-63D2-4F73-A304-083C665FABBA}.Release|x86.Build.0 = Release|Any CPU
	EndGlobalSection
	GlobalSection(SolutionProperties) = preSolution
		HideSolutionNode = FALSE
	EndGlobalSection
	GlobalSection(ExtensibilityGlobals) = postSolution
		SolutionGuid = {3D65650D-08F4-48C1-9117-203FEE96D9E6}
	EndGlobalSection
EndGlobal
